
Microsoft Visual Studio Solution File, Format Version 12.00
# Visual Studio Version 16
VisualStudioVersion = 16.0.30002.166
MinimumVisualStudioVersion = 10.0.40219.1
Project("{FAE04EC0-301F-11D3-BF4B-00C04F79EFBC}") = "GCLogsAnalyzer", "GCLogsAnalyzer\GCLogsAnalyzer.csproj", "{A6315BF7-F853-443B-A388-5C8B25317503}"
EndProject
Global
	GlobalSection(SolutionConfigurationPlatforms) = preSolution
		Debug|Any CPU = Debug|Any CPU
		Release|Any CPU = Release|Any CPU
	EndGlobalSection
	GlobalSection(ProjectConfigurationPlatforms) = postSolution
		{A6315BF7-F853-443B-A388-5C8B25317503}.Debug|Any CPU.ActiveCfg = Debug|Any CPU
		{A6315BF7-F853-443B-A388-5C8B25317503}.Debug|Any CPU.Build.0 = Debug|Any CPU
		{A6315BF7-F853-443B-A388-5C8B25317503}.Release|Any CPU.ActiveCfg = Release|Any CPU
		{A6315BF7-F853-443B-A388-5C8B25317503}.Release|Any CPU.Build.0 = Release|Any CPU
	EndGlobalSection
	GlobalSection(SolutionProperties) = preSolution
		HideSolutionNode = FALSE
	EndGlobalSection
	GlobalSection(ExtensibilityGlobals) = postSolution
		SolutionGuid = {FDA38270-1C67-4A2F-9AF0-D923FFA6A108}
	EndGlobalSection
EndGlobal
